# This file is automatically @generated by Cargo.
# It is not intended for manual editing.
[[package]]
name = "common"
version = "0.1.0"

[[package]]
name = "day11"
version = "0.1.0"
dependencies = [
 "common 0.1.0",
 "intcode 0.1.0",
]

[[package]]
name = "intcode"
version = "0.1.0"
dependencies = [
 "common 0.1.0",
]

